// !$*UTF8*$!
{
	archiveVersion = 1;
	classes = {
	};
	objectVersion = 46;
	objects = {

/* Begin PBXBuildFile section */
		A3E698CD184F43710041839A /* main.c in Sources */ = {isa = PBXBuildFile; fileRef = A3E698CC184F43710041839A /* main.c */; };
		A3E698CF184F43710041839A /* progtest7.1 in CopyFiles */ = {isa = PBXBuildFile; fileRef = A3E698CE184F43710041839A /* progtest7.1 */; };
/* End PBXBuildFile section */

/* Begin PBXCopyFilesBuildPhase section */
		A3E698C7184F43710041839A /* CopyFiles */ = {
			isa = PBXCopyFilesBuildPhase;
			buildActionMask = 2147483647;
			dstPath = /usr/share/man/man1/;
			dstSubfolderSpec = 0;
			files = (
				A3E698CF184F43710041839A /* progtest7.1 in CopyFiles */,
			);
			runOnlyForDeploymentPostprocessing = 1;
		};
/* End PBXCopyFilesBuildPhase section */

/* Begin PBXFileReference section */
		A3E698C9184F43710041839A /* progtest7 */ = {isa = PBXFileReference; explicitFileType = "compiled.mach-o.executable"; includeInIndex = 0; path = progtest7; sourceTree = BUILT_PRODUCTS_DIR; };
		A3E698CC184F43710041839A /* main.c */ = {isa = PBXFileReference; lastKnownFileType = sourcecode.c.c; path = main.c; sourceTree = "<group>"; };
		A3E698CE184F43710041839A /* progtest7.1 */ = {isa = PBXFileReference; lastKnownFileType = text.man; path = progtest7.1; sourceTree = "<group>"; };
/* End PBXFileReference section */

/* Begin PBXFrameworksBuildPhase section */
		A3E698C6184F43710041839A /* Frameworks */ = {
			isa = PBXFrameworksBuildPhase;
			buildActionMask = 2147483647;
			files = (
			);
			runOnlyForDeploymentPostprocessing = 0;
		};
/* End PBXFrameworksBuildPhase section */

/* Begin PBXGroup section */
		A3E698C0184F43710041839A = {
			isa = PBXGroup;
			children = (
				A3E698CB184F43710041839A /* progtest7 */,
				A3E698CA184F43710041839A /* Products */,
			);
			sourceTree = "<group>";
		};
		A3E698CA184F43710041839A /* Products */ = {
			isa = PBXGroup;
			children = (
				A3E698C9184F43710041839A /* progtest7 */,
			);
			name = Products;
			sourceTree = "<group>";
		};
		A3E698CB184F43710041839A /* progtest7 */ = {
			isa = PBXGroup;
			children = (
				A3E698CC184F43710041839A /* main.c */,
				A3E698CE184F43710041839A /* progtest7.1 */,
			);
			path = progtest7;
			sourceTree = "<group>";
		};
/* End PBXGroup section */

/* Begin PBXNativeTarget section */
		A3E698C8184F43710041839A /* progtest7 */ = {
			isa = PBXNativeTarget;
			buildConfigurationList = A3E698D2184F43710041839A /* Build configuration list for PBXNativeTarget "progtest7" */;
			buildPhases = (
				A3E698C5184F43710041839A /* Sources */,
				A3E698C6184F43710041839A /* Frameworks */,
				A3E698C7184F43710041839A /* CopyFiles */,
			);
			buildRules = (
			);
			dependencies = (
			);
			name = progtest7;
			productName = progtest7;
			productReference = A3E698C9184F43710041839A /* progtest7 */;
			productType = "com.apple.product-type.tool";
		};
/* End PBXNativeTarget section */

/* Begin PBXProject section */
		A3E698C1184F43710041839A /* Project object */ = {
			isa = PBXProject;
			attributes = {
				LastUpgradeCheck = 0500;
				ORGANIZATIONNAME = "Lukáš Hromadník";
			};
			buildConfigurationList = A3E698C4184F43710041839A /* Build configuration list for PBXProject "progtest7" */;
			compatibilityVersion = "Xcode 3.2";
			developmentRegion = English;
			hasScannedForEncodings = 0;
			knownRegions = (
				en,
			);
			mainGroup = A3E698C0184F43710041839A;
			productRefGroup = A3E698CA184F43710041839A /* Products */;
			projectDirPath = "";
			projectRoot = "";
			targets = (
				A3E698C8184F43710041839A /* progtest7 */,
			);
		};
/* End PBXProject section */

/* Begin PBXSourcesBuildPhase section */
		A3E698C5184F43710041839A /* Sources */ = {
			isa = PBXSourcesBuildPhase;
			buildActionMask = 2147483647;
			files = (
				A3E698CD184F43710041839A /* main.c in Sources */,
			);
			runOnlyForDeploymentPostprocessing = 0;
		};
/* End PBXSourcesBuildPhase section */

/* Begin XCBuildConfiguration section */
		A3E698D0184F43710041839A /* Debug */ = {
			isa = XCBuildConfiguration;
			buildSettings = {
				ALWAYS_SEARCH_USER_PATHS = NO;
				CLANG_CXX_LANGUAGE_STANDARD = "gnu++0x";
				CLANG_CXX_LIBRARY = "libc++";
				CLANG_ENABLE_OBJC_ARC = YES;
				CLANG_WARN_BOOL_CONVERSION = YES;
				CLANG_WARN_CONSTANT_CONVERSION = YES;
				CLANG_WARN_DIRECT_OBJC_ISA_USAGE = YES_ERROR;
				CLANG_WARN_EMPTY_BODY = YES;
				CLANG_WARN_ENUM_CONVERSION = YES;
				CLANG_WARN_INT_CONVERSION = YES;
				CLANG_WARN_OBJC_ROOT_CLASS = YES_ERROR;
				CLANG_WARN__DUPLICATE_METHOD_MATCH = YES;
				COPY_PHASE_STRIP = NO;
				GCC_C_LANGUAGE_STANDARD = gnu99;
				GCC_DYNAMIC_NO_PIC = NO;
				GCC_ENABLE_OBJC_EXCEPTIONS = YES;
				GCC_OPTIMIZATION_LEVEL = 0;
				GCC_PREPROCESSOR_DEFINITIONS = (
					"DEBUG=1",
					"$(inherited)",
				);
				GCC_SYMBOLS_PRIVATE_EXTERN = NO;
				GCC_WARN_64_TO_32_BIT_CONVERSION = YES;
				GCC_WARN_ABOUT_RETURN_TYPE = YES_ERROR;
				GCC_WARN_UNDECLARED_SELECTOR = YES;
				GCC_WARN_UNINITIALIZED_AUTOS = YES;
				GCC_WARN_UNUSED_FUNCTION = YES;
				GCC_WARN_UNUSED_VARIABLE = YES;
				MACOSX_DEPLOYMENT_TARGET = 10.9;
				ONLY_ACTIVE_ARCH = YES;
				SDKROOT = macosx;
			};
			name = Debug;
		};
		A3E698D1184F43710041839A /* Release */ = {
			isa = XCBuildConfiguration;
			buildSettings = {
				ALWAYS_SEARCH_USER_PATHS = NO;
				CLANG_CXX_LANGUAGE_STANDARD = "gnu++0x";
				CLANG_CXX_LIBRARY = "libc++";
				CLANG_ENABLE_OBJC_ARC = YES;
				CLANG_WARN_BOOL_CONVERSION = YES;
				CLANG_WARN_CONSTANT_CONVERSION = YES;
				CLANG_WARN_DIRECT_OBJC_ISA_USAGE = YES_ERROR;
				CLANG_WARN_EMPTY_BODY = YES;
				CLANG_WARN_ENUM_CONVERSION = YES;
				CLANG_WARN_INT_CONVERSION = YES;
				CLANG_WARN_OBJC_ROOT_CLASS = YES_ERROR;
				CLANG_WARN__DUPLICATE_METHOD_MATCH = YES;
				COPY_PHASE_STRIP = YES;
				DEBUG_INFORMATION_FORMAT = "dwarf-with-dsym";
				ENABLE_NS_ASSERTIONS = NO;
				GCC_C_LANGUAGE_STANDARD = gnu99;
				GCC_ENABLE_OBJC_EXCEPTIONS = YES;
				GCC_WARN_64_TO_32_BIT_CONVERSION = YES;
				GCC_WARN_ABOUT_RETURN_TYPE = YES_ERROR;
				GCC_WARN_UNDECLARED_SELECTOR = YES;
				GCC_WARN_UNINITIALIZED_AUTOS = YES;
				GCC_WARN_UNUSED_FUNCTION = YES;
				GCC_WARN_UNUSED_VARIABLE = YES;
				MACOSX_DEPLOYMENT_TARGET = 10.9;
				SDKROOT = macosx;
			};
			name = Release;
		};
		A3E698D3184F43710041839A /* Debug */ = {
			isa = XCBuildConfiguration;
			buildSettings = {
				PRODUCT_NAME = "$(TARGET_NAME)";
			};
			name = Debug;
		};
		A3E698D4184F43710041839A /* Release */ = {
			isa = XCBuildConfiguration;
			buildSettings = {
				PRODUCT_NAME = "$(TARGET_NAME)";
			};
			name = Release;
		};
/* End XCBuildConfiguration section */

/* Begin XCConfigurationList section */
		A3E698C4184F43710041839A /* Build configuration list for PBXProject "progtest7" */ = {
			isa = XCConfigurationList;
			buildConfigurations = (
				A3E698D0184F43710041839A /* Debug */,
				A3E698D1184F43710041839A /* Release */,
			);
			defaultConfigurationIsVisible = 0;
			defaultConfigurationName = Release;
		};
		A3E698D2184F43710041839A /* Build configuration list for PBXNativeTarget "progtest7" */ = {
			isa = XCConfigurationList;
			buildConfigurations = (
				A3E698D3184F43710041839A /* Debug */,
				A3E698D4184F43710041839A /* Release */,
			);
			defaultConfigurationIsVisible = 0;
		};
/* End XCConfigurationList section */
	};
	rootObject = A3E698C1184F43710041839A /* Project object */;
}
